
Microsoft Visual Studio Solution File, Format Version 12.00
Project("{FAE04EC0-301F-11D3-BF4B-00C04F79EFBC}") = "HotelsWebAPI", "HotelsWebAPI\HotelsWebAPI.csproj", "{CC4EA82D-CCAD-47C3-8D1B-9C9964308F5D}"
EndProject
Global
	GlobalSection(SolutionConfigurationPlatforms) = preSolution
		Debug|Any CPU = Debug|Any CPU
		Release|Any CPU = Release|Any CPU
	EndGlobalSection
	GlobalSection(ProjectConfigurationPlatforms) = postSolution
		{CC4EA82D-CCAD-47C3-8D1B-9C9964308F5D}.Debug|Any CPU.ActiveCfg = Debug|Any CPU
		{CC4EA82D-CCAD-47C3-8D1B-9C9964308F5D}.Debug|Any CPU.Build.0 = Debug|Any CPU
		{CC4EA82D-CCAD-47C3-8D1B-9C9964308F5D}.Release|Any CPU.ActiveCfg = Release|Any CPU
		{CC4EA82D-CCAD-47C3-8D1B-9C9964308F5D}.Release|Any CPU.Build.0 = Release|Any CPU
	EndGlobalSection
EndGlobal
